
Microsoft Visual Studio Solution File, Format Version 12.00
# Visual Studio Version 16
VisualStudioVersion = 16.0.30717.126
MinimumVisualStudioVersion = 10.0.40219.1
Project("{FAE04EC0-301F-11D3-BF4B-00C04F79EFBC}") = "ShoppApi", "ShoppApi\ShoppApi.csproj", "{CFEC8DFD-68C5-4B1D-B46B-173BF1ADD669}"
EndProject
Project("{FAE04EC0-301F-11D3-BF4B-00C04F79EFBC}") = "ShoppApiTests", "ShoppApiTests\ShoppApiTests.csproj", "{A9C42FFD-68F6-4266-B206-9228357E2A95}"
EndProject
Global
	GlobalSection(SolutionConfigurationPlatforms) = preSolution
		Debug|Any CPU = Debug|Any CPU
		Release|Any CPU = Release|Any CPU
	EndGlobalSection
	GlobalSection(ProjectConfigurationPlatforms) = postSolution
		{CFEC8DFD-68C5-4B1D-B46B-173BF1ADD669}.Debug|Any CPU.ActiveCfg = Debug|Any CPU
		{CFEC8DFD-68C5-4B1D-B46B-173BF1ADD669}.Debug|Any CPU.Build.0 = Debug|Any CPU
		{CFEC8DFD-68C5-4B1D-B46B-173BF1ADD669}.Release|Any CPU.ActiveCfg = Release|Any CPU
		{CFEC8DFD-68C5-4B1D-B46B-173BF1ADD669}.Release|Any CPU.Build.0 = Release|Any CPU
		{A9C42FFD-68F6-4266-B206-9228357E2A95}.Debug|Any CPU.ActiveCfg = Debug|Any CPU
		{A9C42FFD-68F6-4266-B206-9228357E2A95}.Debug|Any CPU.Build.0 = Debug|Any CPU
		{A9C42FFD-68F6-4266-B206-9228357E2A95}.Release|Any CPU.ActiveCfg = Release|Any CPU
		{A9C42FFD-68F6-4266-B206-9228357E2A95}.Release|Any CPU.Build.0 = Release|Any CPU
	EndGlobalSection
	GlobalSection(SolutionProperties) = preSolution
		HideSolutionNode = FALSE
	EndGlobalSection
	GlobalSection(ExtensibilityGlobals) = postSolution
		SolutionGuid = {BD8B1D24-A7CB-442B-8E96-4B7E5112BCE8}
	EndGlobalSection
EndGlobal
